
Microsoft Visual Studio Solution File, Format Version 12.00
# Visual Studio Version 17
VisualStudioVersion = 17.0.31912.275
MinimumVisualStudioVersion = 10.0.40219.1
Project("{FAE04EC0-301F-11D3-BF4B-00C04F79EFBC}") = "HealthCheckServerApi", "HealthCheckServerApi\HealthCheckServerApi.csproj", "{0387C5EB-9797-48B7-9999-B6B165749055}"
EndProject
Global
	GlobalSection(SolutionConfigurationPlatforms) = preSolution
		Debug|Any CPU = Debug|Any CPU
		Release|Any CPU = Release|Any CPU
	EndGlobalSection
	GlobalSection(ProjectConfigurationPlatforms) = postSolution
		{0387C5EB-9797-48B7-9999-B6B165749055}.Debug|Any CPU.ActiveCfg = Debug|Any CPU
		{0387C5EB-9797-48B7-9999-B6B165749055}.Debug|Any CPU.Build.0 = Debug|Any CPU
		{0387C5EB-9797-48B7-9999-B6B165749055}.Release|Any CPU.ActiveCfg = Release|Any CPU
		{0387C5EB-9797-48B7-9999-B6B165749055}.Release|Any CPU.Build.0 = Release|Any CPU
	EndGlobalSection
	GlobalSection(SolutionProperties) = preSolution
		HideSolutionNode = FALSE
	EndGlobalSection
	GlobalSection(ExtensibilityGlobals) = postSolution
		SolutionGuid = {715552EB-64DA-4DF5-B405-C730E5574BD2}
	EndGlobalSection
EndGlobal
